// !$*UTF8*$!
{
	archiveVersion = 1;
	classes = {
	};
	objectVersion = 46;
	objects = {

/* Begin PBXBuildFile section */
		3F5CEBB216D01DB900E51221 /* CardMatchingGame.m in Sources */ = {isa = PBXBuildFile; fileRef = 3F5CEBB116D01DB900E51221 /* CardMatchingGame.m */; };
		3F68FC6416CA021D00F1EDAD /* UIKit.framework in Frameworks */ = {isa = PBXBuildFile; fileRef = 3F68FC6316CA021D00F1EDAD /* UIKit.framework */; };
		3F68FC6616CA021D00F1EDAD /* Foundation.framework in Frameworks */ = {isa = PBXBuildFile; fileRef = 3F68FC6516CA021D00F1EDAD /* Foundation.framework */; };
		3F68FC6816CA021D00F1EDAD /* CoreGraphics.framework in Frameworks */ = {isa = PBXBuildFile; fileRef = 3F68FC6716CA021D00F1EDAD /* CoreGraphics.framework */; };
		3F68FC6E16CA021D00F1EDAD /* InfoPlist.strings in Resources */ = {isa = PBXBuildFile; fileRef = 3F68FC6C16CA021D00F1EDAD /* InfoPlist.strings */; };
		3F68FC7016CA021D00F1EDAD /* main.m in Sources */ = {isa = PBXBuildFile; fileRef = 3F68FC6F16CA021D00F1EDAD /* main.m */; };
		3F68FC7416CA021D00F1EDAD /* CardGameAppDelegate.m in Sources */ = {isa = PBXBuildFile; fileRef = 3F68FC7316CA021D00F1EDAD /* CardGameAppDelegate.m */; };
		3F68FC7616CA021D00F1EDAD /* Default.png in Resources */ = {isa = PBXBuildFile; fileRef = 3F68FC7516CA021D00F1EDAD /* Default.png */; };
		3F68FC7816CA021D00F1EDAD /* Default@2x.png in Resources */ = {isa = PBXBuildFile; fileRef = 3F68FC7716CA021D00F1EDAD /* Default@2x.png */; };
		3F68FC7A16CA021D00F1EDAD /* Default-568h@2x.png in Resources */ = {isa = PBXBuildFile; fileRef = 3F68FC7916CA021D00F1EDAD /* Default-568h@2x.png */; };
		3F68FC7D16CA021D00F1EDAD /* MainStoryboard.storyboard in Resources */ = {isa = PBXBuildFile; fileRef = 3F68FC7B16CA021D00F1EDAD /* MainStoryboard.storyboard */; };
		3F68FC8016CA021D00F1EDAD /* CardGameViewController.m in Sources */ = {isa = PBXBuildFile; fileRef = 3F68FC7F16CA021D00F1EDAD /* CardGameViewController.m */; };
		3F68FC8816CA0F6D00F1EDAD /* Card.m in Sources */ = {isa = PBXBuildFile; fileRef = 3F68FC8716CA0F6D00F1EDAD /* Card.m */; };
		3F68FC8C16CA0FD300F1EDAD /* Deck.m in Sources */ = {isa = PBXBuildFile; fileRef = 3F68FC8B16CA0FD300F1EDAD /* Deck.m */; };
		3F6C25F916CE26D900196D68 /* PlayingCard.m in Sources */ = {isa = PBXBuildFile; fileRef = 3F6C25F816CE26D900196D68 /* PlayingCard.m */; };
		3F6C25FC16CE2B5A00196D68 /* PlayingCardDeck.m in Sources */ = {isa = PBXBuildFile; fileRef = 3F6C25FB16CE2B5A00196D68 /* PlayingCardDeck.m */; };
/* End PBXBuildFile section */

/* Begin PBXFileReference section */
		3F5CEBB016D01DB900E51221 /* CardMatchingGame.h */ = {isa = PBXFileReference; fileEncoding = 4; lastKnownFileType = sourcecode.c.h; name = CardMatchingGame.h; path = Model/CardMatchingGame.h; sourceTree = "<group>"; };
		3F5CEBB116D01DB900E51221 /* CardMatchingGame.m */ = {isa = PBXFileReference; fileEncoding = 4; lastKnownFileType = sourcecode.c.objc; name = CardMatchingGame.m; path = Model/CardMatchingGame.m; sourceTree = "<group>"; };
		3F68FC6016CA021D00F1EDAD /* Matchismo.app */ = {isa = PBXFileReference; explicitFileType = wrapper.application; includeInIndex = 0; path = Matchismo.app; sourceTree = BUILT_PRODUCTS_DIR; };
		3F68FC6316CA021D00F1EDAD /* UIKit.framework */ = {isa = PBXFileReference; lastKnownFileType = wrapper.framework; name = UIKit.framework; path = System/Library/Frameworks/UIKit.framework; sourceTree = SDKROOT; };
		3F68FC6516CA021D00F1EDAD /* Foundation.framework */ = {isa = PBXFileReference; lastKnownFileType = wrapper.framework; name = Foundation.framework; path = System/Library/Frameworks/Foundation.framework; sourceTree = SDKROOT; };
		3F68FC6716CA021D00F1EDAD /* CoreGraphics.framework */ = {isa = PBXFileReference; lastKnownFileType = wrapper.framework; name = CoreGraphics.framework; path = System/Library/Frameworks/CoreGraphics.framework; sourceTree = SDKROOT; };
		3F68FC6B16CA021D00F1EDAD /* Matchismo-Info.plist */ = {isa = PBXFileReference; lastKnownFileType = text.plist.xml; path = "Matchismo-Info.plist"; sourceTree = "<group>"; };
		3F68FC6D16CA021D00F1EDAD /* en */ = {isa = PBXFileReference; lastKnownFileType = text.plist.strings; name = en; path = en.lproj/InfoPlist.strings; sourceTree = "<group>"; };
		3F68FC6F16CA021D00F1EDAD /* main.m */ = {isa = PBXFileReference; lastKnownFileType = sourcecode.c.objc; path = main.m; sourceTree = "<group>"; };
		3F68FC7116CA021D00F1EDAD /* Matchismo-Prefix.pch */ = {isa = PBXFileReference; lastKnownFileType = sourcecode.c.h; path = "Matchismo-Prefix.pch"; sourceTree = "<group>"; };
		3F68FC7216CA021D00F1EDAD /* CardGameAppDelegate.h */ = {isa = PBXFileReference; lastKnownFileType = sourcecode.c.h; path = CardGameAppDelegate.h; sourceTree = "<group>"; };
		3F68FC7316CA021D00F1EDAD /* CardGameAppDelegate.m */ = {isa = PBXFileReference; lastKnownFileType = sourcecode.c.objc; path = CardGameAppDelegate.m; sourceTree = "<group>"; };
		3F68FC7516CA021D00F1EDAD /* Default.png */ = {isa = PBXFileReference; lastKnownFileType = image.png; path = Default.png; sourceTree = "<group>"; };
		3F68FC7716CA021D00F1EDAD /* Default@2x.png */ = {isa = PBXFileReference; lastKnownFileType = image.png; path = "Default@2x.png"; sourceTree = "<group>"; };
		3F68FC7916CA021D00F1EDAD /* Default-568h@2x.png */ = {isa = PBXFileReference; lastKnownFileType = image.png; path = "Default-568h@2x.png"; sourceTree = "<group>"; };
		3F68FC7C16CA021D00F1EDAD /* en */ = {isa = PBXFileReference; lastKnownFileType = file.storyboard; name = en; path = en.lproj/MainStoryboard.storyboard; sourceTree = "<group>"; };
		3F68FC7E16CA021D00F1EDAD /* CardGameViewController.h */ = {isa = PBXFileReference; lastKnownFileType = sourcecode.c.h; path = CardGameViewController.h; sourceTree = "<group>"; };
		3F68FC7F16CA021D00F1EDAD /* CardGameViewController.m */ = {isa = PBXFileReference; lastKnownFileType = sourcecode.c.objc; path = CardGameViewController.m; sourceTree = "<group>"; };
		3F68FC8616CA0F6D00F1EDAD /* Card.h */ = {isa = PBXFileReference; fileEncoding = 4; lastKnownFileType = sourcecode.c.h; name = Card.h; path = Model/Card.h; sourceTree = "<group>"; };
		3F68FC8716CA0F6D00F1EDAD /* Card.m */ = {isa = PBXFileReference; fileEncoding = 4; lastKnownFileType = sourcecode.c.objc; name = Card.m; path = Model/Card.m; sourceTree = "<group>"; };
		3F68FC8A16CA0FD300F1EDAD /* Deck.h */ = {isa = PBXFileReference; fileEncoding = 4; lastKnownFileType = sourcecode.c.h; name = Deck.h; path = Model/Deck.h; sourceTree = "<group>"; };
		3F68FC8B16CA0FD300F1EDAD /* Deck.m */ = {isa = PBXFileReference; fileEncoding = 4; lastKnownFileType = sourcecode.c.objc; name = Deck.m; path = Model/Deck.m; sourceTree = "<group>"; };
		3F6C25F716CE26D900196D68 /* PlayingCard.h */ = {isa = PBXFileReference; fileEncoding = 4; lastKnownFileType = sourcecode.c.h; name = PlayingCard.h; path = Model/PlayingCard.h; sourceTree = "<group>"; };
		3F6C25F816CE26D900196D68 /* PlayingCard.m */ = {isa = PBXFileReference; fileEncoding = 4; lastKnownFileType = sourcecode.c.objc; name = PlayingCard.m; path = Model/PlayingCard.m; sourceTree = "<group>"; };
		3F6C25FA16CE2B5A00196D68 /* PlayingCardDeck.h */ = {isa = PBXFileReference; fileEncoding = 4; lastKnownFileType = sourcecode.c.h; name = PlayingCardDeck.h; path = Model/PlayingCardDeck.h; sourceTree = "<group>"; };
		3F6C25FB16CE2B5A00196D68 /* PlayingCardDeck.m */ = {isa = PBXFileReference; fileEncoding = 4; lastKnownFileType = sourcecode.c.objc; name = PlayingCardDeck.m; path = Model/PlayingCardDeck.m; sourceTree = "<group>"; };
/* End PBXFileReference section */

/* Begin PBXFrameworksBuildPhase section */
		3F68FC5D16CA021D00F1EDAD /* Frameworks */ = {
			isa = PBXFrameworksBuildPhase;
			buildActionMask = 2147483647;
			files = (
				3F68FC6416CA021D00F1EDAD /* UIKit.framework in Frameworks */,
				3F68FC6616CA021D00F1EDAD /* Foundation.framework in Frameworks */,
				3F68FC6816CA021D00F1EDAD /* CoreGraphics.framework in Frameworks */,
			);
			runOnlyForDeploymentPostprocessing = 0;
		};
/* End PBXFrameworksBuildPhase section */

/* Begin PBXGroup section */
		3F68FC5716CA021D00F1EDAD = {
			isa = PBXGroup;
			children = (
				3F68FC6916CA021D00F1EDAD /* Matchismo */,
				3F68FC6216CA021D00F1EDAD /* Frameworks */,
				3F68FC6116CA021D00F1EDAD /* Products */,
			);
			sourceTree = "<group>";
		};
		3F68FC6116CA021D00F1EDAD /* Products */ = {
			isa = PBXGroup;
			children = (
				3F68FC6016CA021D00F1EDAD /* Matchismo.app */,
			);
			name = Products;
			sourceTree = "<group>";
		};
		3F68FC6216CA021D00F1EDAD /* Frameworks */ = {
			isa = PBXGroup;
			children = (
				3F68FC6316CA021D00F1EDAD /* UIKit.framework */,
				3F68FC6516CA021D00F1EDAD /* Foundation.framework */,
				3F68FC6716CA021D00F1EDAD /* CoreGraphics.framework */,
			);
			name = Frameworks;
			sourceTree = "<group>";
		};
		3F68FC6916CA021D00F1EDAD /* Matchismo */ = {
			isa = PBXGroup;
			children = (
				3F68FC8916CA0F7E00F1EDAD /* Model */,
				3F68FC7216CA021D00F1EDAD /* CardGameAppDelegate.h */,
				3F68FC7316CA021D00F1EDAD /* CardGameAppDelegate.m */,
				3F68FC7B16CA021D00F1EDAD /* MainStoryboard.storyboard */,
				3F68FC7E16CA021D00F1EDAD /* CardGameViewController.h */,
				3F68FC7F16CA021D00F1EDAD /* CardGameViewController.m */,
				3F68FC6A16CA021D00F1EDAD /* Supporting Files */,
			);
			path = Matchismo;
			sourceTree = "<group>";
		};
		3F68FC6A16CA021D00F1EDAD /* Supporting Files */ = {
			isa = PBXGroup;
			children = (
				3F68FC6B16CA021D00F1EDAD /* Matchismo-Info.plist */,
				3F68FC6C16CA021D00F1EDAD /* InfoPlist.strings */,
				3F68FC6F16CA021D00F1EDAD /* main.m */,
				3F68FC7116CA021D00F1EDAD /* Matchismo-Prefix.pch */,
				3F68FC7516CA021D00F1EDAD /* Default.png */,
				3F68FC7716CA021D00F1EDAD /* Default@2x.png */,
				3F68FC7916CA021D00F1EDAD /* Default-568h@2x.png */,
			);
			name = "Supporting Files";
			sourceTree = "<group>";
		};
		3F68FC8916CA0F7E00F1EDAD /* Model */ = {
			isa = PBXGroup;
			children = (
				3F5CEBB016D01DB900E51221 /* CardMatchingGame.h */,
				3F5CEBB116D01DB900E51221 /* CardMatchingGame.m */,
				3F68FC8616CA0F6D00F1EDAD /* Card.h */,
				3F68FC8716CA0F6D00F1EDAD /* Card.m */,
				3F68FC8A16CA0FD300F1EDAD /* Deck.h */,
				3F68FC8B16CA0FD300F1EDAD /* Deck.m */,
				3F6C25F716CE26D900196D68 /* PlayingCard.h */,
				3F6C25F816CE26D900196D68 /* PlayingCard.m */,
				3F6C25FA16CE2B5A00196D68 /* PlayingCardDeck.h */,
				3F6C25FB16CE2B5A00196D68 /* PlayingCardDeck.m */,
			);
			name = Model;
			sourceTree = "<group>";
		};
/* End PBXGroup section */

/* Begin PBXNativeTarget section */
		3F68FC5F16CA021D00F1EDAD /* Matchismo */ = {
			isa = PBXNativeTarget;
			buildConfigurationList = 3F68FC8316CA021D00F1EDAD /* Build configuration list for PBXNativeTarget "Matchismo" */;
			buildPhases = (
				3F68FC5C16CA021D00F1EDAD /* Sources */,
				3F68FC5D16CA021D00F1EDAD /* Frameworks */,
				3F68FC5E16CA021D00F1EDAD /* Resources */,
			);
			buildRules = (
			);
			dependencies = (
			);
			name = Matchismo;
			productName = Matchismo;
			productReference = 3F68FC6016CA021D00F1EDAD /* Matchismo.app */;
			productType = "com.apple.product-type.application";
		};
/* End PBXNativeTarget section */

/* Begin PBXProject section */
		3F68FC5816CA021D00F1EDAD /* Project object */ = {
			isa = PBXProject;
			attributes = {
				CLASSPREFIX = CardGame;
				LastUpgradeCheck = 0460;
				ORGANIZATIONNAME = "Joseph Malandruccolo";
			};
			buildConfigurationList = 3F68FC5B16CA021D00F1EDAD /* Build configuration list for PBXProject "Matchismo" */;
			compatibilityVersion = "Xcode 3.2";
			developmentRegion = English;
			hasScannedForEncodings = 0;
			knownRegions = (
				en,
			);
			mainGroup = 3F68FC5716CA021D00F1EDAD;
			productRefGroup = 3F68FC6116CA021D00F1EDAD /* Products */;
			projectDirPath = "";
			projectRoot = "";
			targets = (
				3F68FC5F16CA021D00F1EDAD /* Matchismo */,
			);
		};
/* End PBXProject section */

/* Begin PBXResourcesBuildPhase section */
		3F68FC5E16CA021D00F1EDAD /* Resources */ = {
			isa = PBXResourcesBuildPhase;
			buildActionMask = 2147483647;
			files = (
				3F68FC6E16CA021D00F1EDAD /* InfoPlist.strings in Resources */,
				3F68FC7616CA021D00F1EDAD /* Default.png in Resources */,
				3F68FC7816CA021D00F1EDAD /* Default@2x.png in Resources */,
				3F68FC7A16CA021D00F1EDAD /* Default-568h@2x.png in Resources */,
				3F68FC7D16CA021D00F1EDAD /* MainStoryboard.storyboard in Resources */,
			);
			runOnlyForDeploymentPostprocessing = 0;
		};
/* End PBXResourcesBuildPhase section */

/* Begin PBXSourcesBuildPhase section */
		3F68FC5C16CA021D00F1EDAD /* Sources */ = {
			isa = PBXSourcesBuildPhase;
			buildActionMask = 2147483647;
			files = (
				3F68FC7016CA021D00F1EDAD /* main.m in Sources */,
				3F68FC7416CA021D00F1EDAD /* CardGameAppDelegate.m in Sources */,
				3F68FC8016CA021D00F1EDAD /* CardGameViewController.m in Sources */,
				3F68FC8816CA0F6D00F1EDAD /* Card.m in Sources */,
				3F68FC8C16CA0FD300F1EDAD /* Deck.m in Sources */,
				3F6C25F916CE26D900196D68 /* PlayingCard.m in Sources */,
				3F6C25FC16CE2B5A00196D68 /* PlayingCardDeck.m in Sources */,
				3F5CEBB216D01DB900E51221 /* CardMatchingGame.m in Sources */,
			);
			runOnlyForDeploymentPostprocessing = 0;
		};
/* End PBXSourcesBuildPhase section */

/* Begin PBXVariantGroup section */
		3F68FC6C16CA021D00F1EDAD /* InfoPlist.strings */ = {
			isa = PBXVariantGroup;
			children = (
				3F68FC6D16CA021D00F1EDAD /* en */,
			);
			name = InfoPlist.strings;
			sourceTree = "<group>";
		};
		3F68FC7B16CA021D00F1EDAD /* MainStoryboard.storyboard */ = {
			isa = PBXVariantGroup;
			children = (
				3F68FC7C16CA021D00F1EDAD /* en */,
			);
			name = MainStoryboard.storyboard;
			sourceTree = "<group>";
		};
/* End PBXVariantGroup section */

/* Begin XCBuildConfiguration section */
		3F68FC8116CA021D00F1EDAD /* Debug */ = {
			isa = XCBuildConfiguration;
			buildSettings = {
				ALWAYS_SEARCH_USER_PATHS = NO;
				CLANG_CXX_LANGUAGE_STANDARD = "gnu++0x";
				CLANG_CXX_LIBRARY = "libc++";
				CLANG_ENABLE_OBJC_ARC = YES;
				CLANG_WARN_CONSTANT_CONVERSION = YES;
				CLANG_WARN_EMPTY_BODY = YES;
				CLANG_WARN_ENUM_CONVERSION = YES;
				CLANG_WARN_INT_CONVERSION = YES;
				CLANG_WARN__DUPLICATE_METHOD_MATCH = YES;
				"CODE_SIGN_IDENTITY[sdk=iphoneos*]" = "iPhone Developer";
				COPY_PHASE_STRIP = NO;
				GCC_C_LANGUAGE_STANDARD = gnu99;
				GCC_DYNAMIC_NO_PIC = NO;
				GCC_OPTIMIZATION_LEVEL = 0;
				GCC_PREPROCESSOR_DEFINITIONS = (
					"DEBUG=1",
					"$(inherited)",
				);
				GCC_SYMBOLS_PRIVATE_EXTERN = NO;
				GCC_WARN_ABOUT_RETURN_TYPE = YES;
				GCC_WARN_UNINITIALIZED_AUTOS = YES;
				GCC_WARN_UNUSED_VARIABLE = YES;
				IPHONEOS_DEPLOYMENT_TARGET = 6.1;
				ONLY_ACTIVE_ARCH = YES;
				SDKROOT = iphoneos;
			};
			name = Debug;
		};
		3F68FC8216CA021D00F1EDAD /* Release */ = {
			isa = XCBuildConfiguration;
			buildSettings = {
				ALWAYS_SEARCH_USER_PATHS = NO;
				CLANG_CXX_LANGUAGE_STANDARD = "gnu++0x";
				CLANG_CXX_LIBRARY = "libc++";
				CLANG_ENABLE_OBJC_ARC = YES;
				CLANG_WARN_CONSTANT_CONVERSION = YES;
				CLANG_WARN_EMPTY_BODY = YES;
				CLANG_WARN_ENUM_CONVERSION = YES;
				CLANG_WARN_INT_CONVERSION = YES;
				CLANG_WARN__DUPLICATE_METHOD_MATCH = YES;
				"CODE_SIGN_IDENTITY[sdk=iphoneos*]" = "iPhone Developer";
				COPY_PHASE_STRIP = YES;
				GCC_C_LANGUAGE_STANDARD = gnu99;
				GCC_WARN_ABOUT_RETURN_TYPE = YES;
				GCC_WARN_UNINITIALIZED_AUTOS = YES;
				GCC_WARN_UNUSED_VARIABLE = YES;
				IPHONEOS_DEPLOYMENT_TARGET = 6.1;
				OTHER_CFLAGS = "-DNS_BLOCK_ASSERTIONS=1";
				SDKROOT = iphoneos;
				VALIDATE_PRODUCT = YES;
			};
			name = Release;
		};
		3F68FC8416CA021D00F1EDAD /* Debug */ = {
			isa = XCBuildConfiguration;
			buildSettings = {
				GCC_PRECOMPILE_PREFIX_HEADER = YES;
				GCC_PREFIX_HEADER = "Matchismo/Matchismo-Prefix.pch";
				INFOPLIST_FILE = "Matchismo/Matchismo-Info.plist";
				PRODUCT_NAME = "$(TARGET_NAME)";
				WRAPPER_EXTENSION = app;
			};
			name = Debug;
		};
		3F68FC8516CA021D00F1EDAD /* Release */ = {
			isa = XCBuildConfiguration;
			buildSettings = {
				GCC_PRECOMPILE_PREFIX_HEADER = YES;
				GCC_PREFIX_HEADER = "Matchismo/Matchismo-Prefix.pch";
				INFOPLIST_FILE = "Matchismo/Matchismo-Info.plist";
				PRODUCT_NAME = "$(TARGET_NAME)";
				WRAPPER_EXTENSION = app;
			};
			name = Release;
		};
/* End XCBuildConfiguration section */

/* Begin XCConfigurationList section */
		3F68FC5B16CA021D00F1EDAD /* Build configuration list for PBXProject "Matchismo" */ = {
			isa = XCConfigurationList;
			buildConfigurations = (
				3F68FC8116CA021D00F1EDAD /* Debug */,
				3F68FC8216CA021D00F1EDAD /* Release */,
			);
			defaultConfigurationIsVisible = 0;
			defaultConfigurationName = Release;
		};
		3F68FC8316CA021D00F1EDAD /* Build configuration list for PBXNativeTarget "Matchismo" */ = {
			isa = XCConfigurationList;
			buildConfigurations = (
				3F68FC8416CA021D00F1EDAD /* Debug */,
				3F68FC8516CA021D00F1EDAD /* Release */,
			);
			defaultConfigurationIsVisible = 0;
			defaultConfigurationName = Release;
		};
/* End XCConfigurationList section */
	};
	rootObject = 3F68FC5816CA021D00F1EDAD /* Project object */;
}
